// !$*UTF8*$!
{
	archiveVersion = 1;
	classes = {
	};
	objectVersion = 51;
	objects = {

/* Begin PBXBuildFile section */
		65DE5E0D481572F8351BFEAC /* Pods_Weather_App.framework in Frameworks */ = {isa = PBXBuildFile; fileRef = 09756F6A7877F3BDE3925E38 /* Pods_Weather_App.framework */; };
		AF1D6ED524735C8700E1B814 /* AppDelegate.swift in Sources */ = {isa = PBXBuildFile; fileRef = AF1D6ED424735C8700E1B814 /* AppDelegate.swift */; };
		AF1D6ED924735C8700E1B814 /* ViewController.swift in Sources */ = {isa = PBXBuildFile; fileRef = AF1D6ED824735C8700E1B814 /* ViewController.swift */; };
		AF1D6EDC24735C8700E1B814 /* Main.storyboard in Resources */ = {isa = PBXBuildFile; fileRef = AF1D6EDA24735C8700E1B814 /* Main.storyboard */; };
		AF1D6EDE24735C8800E1B814 /* Assets.xcassets in Resources */ = {isa = PBXBuildFile; fileRef = AF1D6EDD24735C8800E1B814 /* Assets.xcassets */; };
		AF1D6EE124735C8800E1B814 /* LaunchScreen.storyboard in Resources */ = {isa = PBXBuildFile; fileRef = AF1D6EDF24735C8800E1B814 /* LaunchScreen.storyboard */; };
		AF1D6EEA2473607A00E1B814 /* WeatherResult.swift in Sources */ = {isa = PBXBuildFile; fileRef = AF1D6EE92473607A00E1B814 /* WeatherResult.swift */; };
		AF1D6EED247361D000E1B814 /* URLRequest+Extension.swift in Sources */ = {isa = PBXBuildFile; fileRef = AF1D6EEC247361D000E1B814 /* URLRequest+Extension.swift */; };
		AF1D6EEF2473676800E1B814 /* URL+Extension.swift in Sources */ = {isa = PBXBuildFile; fileRef = AF1D6EEE2473676800E1B814 /* URL+Extension.swift */; };
/* End PBXBuildFile section */

/* Begin PBXFileReference section */
		09756F6A7877F3BDE3925E38 /* Pods_Weather_App.framework */ = {isa = PBXFileReference; explicitFileType = wrapper.framework; includeInIndex = 0; path = Pods_Weather_App.framework; sourceTree = BUILT_PRODUCTS_DIR; };
		8427E13C6A8DAA9D317CDE3F /* Pods-Weather App.debug.xcconfig */ = {isa = PBXFileReference; includeInIndex = 1; lastKnownFileType = text.xcconfig; name = "Pods-Weather App.debug.xcconfig"; path = "Target Support Files/Pods-Weather App/Pods-Weather App.debug.xcconfig"; sourceTree = "<group>"; };
		AF1D6ED124735C8700E1B814 /* Weather App.app */ = {isa = PBXFileReference; explicitFileType = wrapper.application; includeInIndex = 0; path = "Weather App.app"; sourceTree = BUILT_PRODUCTS_DIR; };
		AF1D6ED424735C8700E1B814 /* AppDelegate.swift */ = {isa = PBXFileReference; lastKnownFileType = sourcecode.swift; path = AppDelegate.swift; sourceTree = "<group>"; };
		AF1D6ED824735C8700E1B814 /* ViewController.swift */ = {isa = PBXFileReference; lastKnownFileType = sourcecode.swift; path = ViewController.swift; sourceTree = "<group>"; };
		AF1D6EDB24735C8700E1B814 /* Base */ = {isa = PBXFileReference; lastKnownFileType = file.storyboard; name = Base; path = Base.lproj/Main.storyboard; sourceTree = "<group>"; };
		AF1D6EDD24735C8800E1B814 /* Assets.xcassets */ = {isa = PBXFileReference; lastKnownFileType = folder.assetcatalog; path = Assets.xcassets; sourceTree = "<group>"; };
		AF1D6EE024735C8800E1B814 /* Base */ = {isa = PBXFileReference; lastKnownFileType = file.storyboard; name = Base; path = Base.lproj/LaunchScreen.storyboard; sourceTree = "<group>"; };
		AF1D6EE224735C8800E1B814 /* Info.plist */ = {isa = PBXFileReference; lastKnownFileType = text.plist.xml; path = Info.plist; sourceTree = "<group>"; };
		AF1D6EE92473607A00E1B814 /* WeatherResult.swift */ = {isa = PBXFileReference; lastKnownFileType = sourcecode.swift; path = WeatherResult.swift; sourceTree = "<group>"; };
		AF1D6EEC247361D000E1B814 /* URLRequest+Extension.swift */ = {isa = PBXFileReference; lastKnownFileType = sourcecode.swift; path = "URLRequest+Extension.swift"; sourceTree = "<group>"; };
		AF1D6EEE2473676800E1B814 /* URL+Extension.swift */ = {isa = PBXFileReference; lastKnownFileType = sourcecode.swift; path = "URL+Extension.swift"; sourceTree = "<group>"; };
		E885647E1D901076D1BAC6DF /* Pods-Weather App.release.xcconfig */ = {isa = PBXFileReference; includeInIndex = 1; lastKnownFileType = text.xcconfig; name = "Pods-Weather App.release.xcconfig"; path = "Target Support Files/Pods-Weather App/Pods-Weather App.release.xcconfig"; sourceTree = "<group>"; };
/* End PBXFileReference section */

/* Begin PBXFrameworksBuildPhase section */
		AF1D6ECE24735C8700E1B814 /* Frameworks */ = {
			isa = PBXFrameworksBuildPhase;
			buildActionMask = 2147483647;
			files = (
				65DE5E0D481572F8351BFEAC /* Pods_Weather_App.framework in Frameworks */,
			);
			runOnlyForDeploymentPostprocessing = 0;
		};
/* End PBXFrameworksBuildPhase section */

/* Begin PBXGroup section */
		103D2988D9670EA28F883D8F /* Frameworks */ = {
			isa = PBXGroup;
			children = (
				09756F6A7877F3BDE3925E38 /* Pods_Weather_App.framework */,
			);
			name = Frameworks;
			sourceTree = "<group>";
		};
		3C08D98DC981F021B7E6A400 /* Pods */ = {
			isa = PBXGroup;
			children = (
				8427E13C6A8DAA9D317CDE3F /* Pods-Weather App.debug.xcconfig */,
				E885647E1D901076D1BAC6DF /* Pods-Weather App.release.xcconfig */,
			);
			path = Pods;
			sourceTree = "<group>";
		};
		AF1D6EC824735C8700E1B814 = {
			isa = PBXGroup;
			children = (
				AF1D6ED324735C8700E1B814 /* Weather App */,
				AF1D6ED224735C8700E1B814 /* Products */,
				3C08D98DC981F021B7E6A400 /* Pods */,
				103D2988D9670EA28F883D8F /* Frameworks */,
			);
			sourceTree = "<group>";
		};
		AF1D6ED224735C8700E1B814 /* Products */ = {
			isa = PBXGroup;
			children = (
				AF1D6ED124735C8700E1B814 /* Weather App.app */,
			);
			name = Products;
			sourceTree = "<group>";
		};
		AF1D6ED324735C8700E1B814 /* Weather App */ = {
			isa = PBXGroup;
			children = (
				AF1D6EEB247361BA00E1B814 /* Extensions */,
				AF1D6EE824735F6600E1B814 /* Models */,
				AF1D6ED424735C8700E1B814 /* AppDelegate.swift */,
				AF1D6ED824735C8700E1B814 /* ViewController.swift */,
				AF1D6EDA24735C8700E1B814 /* Main.storyboard */,
				AF1D6EDD24735C8800E1B814 /* Assets.xcassets */,
				AF1D6EDF24735C8800E1B814 /* LaunchScreen.storyboard */,
				AF1D6EE224735C8800E1B814 /* Info.plist */,
			);
			path = "Weather App";
			sourceTree = "<group>";
		};
		AF1D6EE824735F6600E1B814 /* Models */ = {
			isa = PBXGroup;
			children = (
				AF1D6EE92473607A00E1B814 /* WeatherResult.swift */,
			);
			path = Models;
			sourceTree = "<group>";
		};
		AF1D6EEB247361BA00E1B814 /* Extensions */ = {
			isa = PBXGroup;
			children = (
				AF1D6EEC247361D000E1B814 /* URLRequest+Extension.swift */,
				AF1D6EEE2473676800E1B814 /* URL+Extension.swift */,
			);
			path = Extensions;
			sourceTree = "<group>";
		};
/* End PBXGroup section */

/* Begin PBXNativeTarget section */
		AF1D6ED024735C8700E1B814 /* Weather App */ = {
			isa = PBXNativeTarget;
			buildConfigurationList = AF1D6EE524735C8800E1B814 /* Build configuration list for PBXNativeTarget "Weather App" */;
			buildPhases = (
				DF42F071FEA62C7A247B44DD /* [CP] Check Pods Manifest.lock */,
				AF1D6ECD24735C8700E1B814 /* Sources */,
				AF1D6ECE24735C8700E1B814 /* Frameworks */,
				AF1D6ECF24735C8700E1B814 /* Resources */,
				23B3FFBBE80D40CBA37D34B3 /* [CP] Embed Pods Frameworks */,
			);
			buildRules = (
			);
			dependencies = (
			);
			name = "Weather App";
			productName = "Weather App";
			productReference = AF1D6ED124735C8700E1B814 /* Weather App.app */;
			productType = "com.apple.product-type.application";
		};
/* End PBXNativeTarget section */

/* Begin PBXProject section */
		AF1D6EC924735C8700E1B814 /* Project object */ = {
			isa = PBXProject;
			attributes = {
				LastSwiftUpdateCheck = 1140;
				LastUpgradeCheck = 1140;
				ORGANIZATIONNAME = Sennin;
				TargetAttributes = {
					AF1D6ED024735C8700E1B814 = {
						CreatedOnToolsVersion = 11.4.1;
					};
				};
			};
			buildConfigurationList = AF1D6ECC24735C8700E1B814 /* Build configuration list for PBXProject "Weather App" */;
			compatibilityVersion = "Xcode 9.3";
			developmentRegion = en;
			hasScannedForEncodings = 0;
			knownRegions = (
				en,
				Base,
			);
			mainGroup = AF1D6EC824735C8700E1B814;
			productRefGroup = AF1D6ED224735C8700E1B814 /* Products */;
			projectDirPath = "";
			projectRoot = "";
			targets = (
				AF1D6ED024735C8700E1B814 /* Weather App */,
			);
		};
/* End PBXProject section */

/* Begin PBXResourcesBuildPhase section */
		AF1D6ECF24735C8700E1B814 /* Resources */ = {
			isa = PBXResourcesBuildPhase;
			buildActionMask = 2147483647;
			files = (
				AF1D6EE124735C8800E1B814 /* LaunchScreen.storyboard in Resources */,
				AF1D6EDE24735C8800E1B814 /* Assets.xcassets in Resources */,
				AF1D6EDC24735C8700E1B814 /* Main.storyboard in Resources */,
			);
			runOnlyForDeploymentPostprocessing = 0;
		};
/* End PBXResourcesBuildPhase section */

/* Begin PBXShellScriptBuildPhase section */
		23B3FFBBE80D40CBA37D34B3 /* [CP] Embed Pods Frameworks */ = {
			isa = PBXShellScriptBuildPhase;
			buildActionMask = 2147483647;
			files = (
			);
			inputFileListPaths = (
				"${PODS_ROOT}/Target Support Files/Pods-Weather App/Pods-Weather App-frameworks-${CONFIGURATION}-input-files.xcfilelist",
			);
			name = "[CP] Embed Pods Frameworks";
			outputFileListPaths = (
				"${PODS_ROOT}/Target Support Files/Pods-Weather App/Pods-Weather App-frameworks-${CONFIGURATION}-output-files.xcfilelist",
			);
			runOnlyForDeploymentPostprocessing = 0;
			shellPath = /bin/sh;
			shellScript = "\"${PODS_ROOT}/Target Support Files/Pods-Weather App/Pods-Weather App-frameworks.sh\"\n";
			showEnvVarsInLog = 0;
		};
		DF42F071FEA62C7A247B44DD /* [CP] Check Pods Manifest.lock */ = {
			isa = PBXShellScriptBuildPhase;
			buildActionMask = 2147483647;
			files = (
			);
			inputFileListPaths = (
			);
			inputPaths = (
				"${PODS_PODFILE_DIR_PATH}/Podfile.lock",
				"${PODS_ROOT}/Manifest.lock",
			);
			name = "[CP] Check Pods Manifest.lock";
			outputFileListPaths = (
			);
			outputPaths = (
				"$(DERIVED_FILE_DIR)/Pods-Weather App-checkManifestLockResult.txt",
			);
			runOnlyForDeploymentPostprocessing = 0;
			shellPath = /bin/sh;
			shellScript = "diff \"${PODS_PODFILE_DIR_PATH}/Podfile.lock\" \"${PODS_ROOT}/Manifest.lock\" > /dev/null\nif [ $? != 0 ] ; then\n    # print error to STDERR\n    echo \"error: The sandbox is not in sync with the Podfile.lock. Run 'pod install' or update your CocoaPods installation.\" >&2\n    exit 1\nfi\n# This output is used by Xcode 'outputs' to avoid re-running this script phase.\necho \"SUCCESS\" > \"${SCRIPT_OUTPUT_FILE_0}\"\n";
			showEnvVarsInLog = 0;
		};
/* End PBXShellScriptBuildPhase section */

/* Begin PBXSourcesBuildPhase section */
		AF1D6ECD24735C8700E1B814 /* Sources */ = {
			isa = PBXSourcesBuildPhase;
			buildActionMask = 2147483647;
			files = (
				AF1D6EEA2473607A00E1B814 /* WeatherResult.swift in Sources */,
				AF1D6EED247361D000E1B814 /* URLRequest+Extension.swift in Sources */,
				AF1D6ED924735C8700E1B814 /* ViewController.swift in Sources */,
				AF1D6EEF2473676800E1B814 /* URL+Extension.swift in Sources */,
				AF1D6ED524735C8700E1B814 /* AppDelegate.swift in Sources */,
			);
			runOnlyForDeploymentPostprocessing = 0;
		};
/* End PBXSourcesBuildPhase section */

/* Begin PBXVariantGroup section */
		AF1D6EDA24735C8700E1B814 /* Main.storyboard */ = {
			isa = PBXVariantGroup;
			children = (
				AF1D6EDB24735C8700E1B814 /* Base */,
			);
			name = Main.storyboard;
			sourceTree = "<group>";
		};
		AF1D6EDF24735C8800E1B814 /* LaunchScreen.storyboard */ = {
			isa = PBXVariantGroup;
			children = (
				AF1D6EE024735C8800E1B814 /* Base */,
			);
			name = LaunchScreen.storyboard;
			sourceTree = "<group>";
		};
/* End PBXVariantGroup section */

/* Begin XCBuildConfiguration section */
		AF1D6EE324735C8800E1B814 /* Debug */ = {
			isa = XCBuildConfiguration;
			buildSettings = {
				ALWAYS_SEARCH_USER_PATHS = NO;
				CLANG_ANALYZER_NONNULL = YES;
				CLANG_ANALYZER_NUMBER_OBJECT_CONVERSION = YES_AGGRESSIVE;
				CLANG_CXX_LANGUAGE_STANDARD = "gnu++14";
				CLANG_CXX_LIBRARY = "libc++";
				CLANG_ENABLE_MODULES = YES;
				CLANG_ENABLE_OBJC_ARC = YES;
				CLANG_ENABLE_OBJC_WEAK = YES;
				CLANG_WARN_BLOCK_CAPTURE_AUTORELEASING = YES;
				CLANG_WARN_BOOL_CONVERSION = YES;
				CLANG_WARN_COMMA = YES;
				CLANG_WARN_CONSTANT_CONVERSION = YES;
				CLANG_WARN_DEPRECATED_OBJC_IMPLEMENTATIONS = YES;
				CLANG_WARN_DIRECT_OBJC_ISA_USAGE = YES_ERROR;
				CLANG_WARN_DOCUMENTATION_COMMENTS = YES;
				CLANG_WARN_EMPTY_BODY = YES;
				CLANG_WARN_ENUM_CONVERSION = YES;
				CLANG_WARN_INFINITE_RECURSION = YES;
				CLANG_WARN_INT_CONVERSION = YES;
				CLANG_WARN_NON_LITERAL_NULL_CONVERSION = YES;
				CLANG_WARN_OBJC_IMPLICIT_RETAIN_SELF = YES;
				CLANG_WARN_OBJC_LITERAL_CONVERSION = YES;
				CLANG_WARN_OBJC_ROOT_CLASS = YES_ERROR;
				CLANG_WARN_RANGE_LOOP_ANALYSIS = YES;
				CLANG_WARN_STRICT_PROTOTYPES = YES;
				CLANG_WARN_SUSPICIOUS_MOVE = YES;
				CLANG_WARN_UNGUARDED_AVAILABILITY = YES_AGGRESSIVE;
				CLANG_WARN_UNREACHABLE_CODE = YES;
				CLANG_WARN__DUPLICATE_METHOD_MATCH = YES;
				COPY_PHASE_STRIP = NO;
				DEBUG_INFORMATION_FORMAT = dwarf;
				ENABLE_STRICT_OBJC_MSGSEND = YES;
				ENABLE_TESTABILITY = YES;
				GCC_C_LANGUAGE_STANDARD = gnu11;
				GCC_DYNAMIC_NO_PIC = NO;
				GCC_NO_COMMON_BLOCKS = YES;
				GCC_OPTIMIZATION_LEVEL = 0;
				GCC_PREPROCESSOR_DEFINITIONS = (
					"DEBUG=1",
					"$(inherited)",
				);
				GCC_WARN_64_TO_32_BIT_CONVERSION = YES;
				GCC_WARN_ABOUT_RETURN_TYPE = YES_ERROR;
				GCC_WARN_UNDECLARED_SELECTOR = YES;
				GCC_WARN_UNINITIALIZED_AUTOS = YES_AGGRESSIVE;
				GCC_WARN_UNUSED_FUNCTION = YES;
				GCC_WARN_UNUSED_VARIABLE = YES;
				IPHONEOS_DEPLOYMENT_TARGET = 13.4;
				MTL_ENABLE_DEBUG_INFO = INCLUDE_SOURCE;
				MTL_FAST_MATH = YES;
				ONLY_ACTIVE_ARCH = YES;
				SDKROOT = iphoneos;
				SWIFT_ACTIVE_COMPILATION_CONDITIONS = DEBUG;
				SWIFT_OPTIMIZATION_LEVEL = "-Onone";
			};
			name = Debug;
		};
		AF1D6EE424735C8800E1B814 /* Release */ = {
			isa = XCBuildConfiguration;
			buildSettings = {
				ALWAYS_SEARCH_USER_PATHS = NO;
				CLANG_ANALYZER_NONNULL = YES;
				CLANG_ANALYZER_NUMBER_OBJECT_CONVERSION = YES_AGGRESSIVE;
				CLANG_CXX_LANGUAGE_STANDARD = "gnu++14";
				CLANG_CXX_LIBRARY = "libc++";
				CLANG_ENABLE_MODULES = YES;
				CLANG_ENABLE_OBJC_ARC = YES;
				CLANG_ENABLE_OBJC_WEAK = YES;
				CLANG_WARN_BLOCK_CAPTURE_AUTORELEASING = YES;
				CLANG_WARN_BOOL_CONVERSION = YES;
				CLANG_WARN_COMMA = YES;
				CLANG_WARN_CONSTANT_CONVERSION = YES;
				CLANG_WARN_DEPRECATED_OBJC_IMPLEMENTATIONS = YES;
				CLANG_WARN_DIRECT_OBJC_ISA_USAGE = YES_ERROR;
				CLANG_WARN_DOCUMENTATION_COMMENTS = YES;
				CLANG_WARN_EMPTY_BODY = YES;
				CLANG_WARN_ENUM_CONVERSION = YES;
				CLANG_WARN_INFINITE_RECURSION = YES;
				CLANG_WARN_INT_CONVERSION = YES;
				CLANG_WARN_NON_LITERAL_NULL_CONVERSION = YES;
				CLANG_WARN_OBJC_IMPLICIT_RETAIN_SELF = YES;
				CLANG_WARN_OBJC_LITERAL_CONVERSION = YES;
				CLANG_WARN_OBJC_ROOT_CLASS = YES_ERROR;
				CLANG_WARN_RANGE_LOOP_ANALYSIS = YES;
				CLANG_WARN_STRICT_PROTOTYPES = YES;
				CLANG_WARN_SUSPICIOUS_MOVE = YES;
				CLANG_WARN_UNGUARDED_AVAILABILITY = YES_AGGRESSIVE;
				CLANG_WARN_UNREACHABLE_CODE = YES;
				CLANG_WARN__DUPLICATE_METHOD_MATCH = YES;
				COPY_PHASE_STRIP = NO;
				DEBUG_INFORMATION_FORMAT = "dwarf-with-dsym";
				ENABLE_NS_ASSERTIONS = NO;
				ENABLE_STRICT_OBJC_MSGSEND = YES;
				GCC_C_LANGUAGE_STANDARD = gnu11;
				GCC_NO_COMMON_BLOCKS = YES;
				GCC_WARN_64_TO_32_BIT_CONVERSION = YES;
				GCC_WARN_ABOUT_RETURN_TYPE = YES_ERROR;
				GCC_WARN_UNDECLARED_SELECTOR = YES;
				GCC_WARN_UNINITIALIZED_AUTOS = YES_AGGRESSIVE;
				GCC_WARN_UNUSED_FUNCTION = YES;
				GCC_WARN_UNUSED_VARIABLE = YES;
				IPHONEOS_DEPLOYMENT_TARGET = 13.4;
				MTL_ENABLE_DEBUG_INFO = NO;
				MTL_FAST_MATH = YES;
				SDKROOT = iphoneos;
				SWIFT_COMPILATION_MODE = wholemodule;
				SWIFT_OPTIMIZATION_LEVEL = "-O";
				VALIDATE_PRODUCT = YES;
			};
			name = Release;
		};
		AF1D6EE624735C8800E1B814 /* Debug */ = {
			isa = XCBuildConfiguration;
			baseConfigurationReference = 8427E13C6A8DAA9D317CDE3F /* Pods-Weather App.debug.xcconfig */;
			buildSettings = {
				ASSETCATALOG_COMPILER_APPICON_NAME = AppIcon;
				CODE_SIGN_STYLE = Automatic;
				DEVELOPMENT_TEAM = 5F47V367V2;
				INFOPLIST_FILE = "Weather App/Info.plist";
				IPHONEOS_DEPLOYMENT_TARGET = 10.0;
				LD_RUNPATH_SEARCH_PATHS = (
					"$(inherited)",
					"@executable_path/Frameworks",
				);
				PRODUCT_BUNDLE_IDENTIFIER = "com.sennin.dev.Weather-App";
				PRODUCT_NAME = "$(TARGET_NAME)";
				SWIFT_VERSION = 5.0;
				TARGETED_DEVICE_FAMILY = "1,2";
			};
			name = Debug;
		};
		AF1D6EE724735C8800E1B814 /* Release */ = {
			isa = XCBuildConfiguration;
			baseConfigurationReference = E885647E1D901076D1BAC6DF /* Pods-Weather App.release.xcconfig */;
			buildSettings = {
				ASSETCATALOG_COMPILER_APPICON_NAME = AppIcon;
				CODE_SIGN_STYLE = Automatic;
				DEVELOPMENT_TEAM = 5F47V367V2;
				INFOPLIST_FILE = "Weather App/Info.plist";
				IPHONEOS_DEPLOYMENT_TARGET = 10.0;
				LD_RUNPATH_SEARCH_PATHS = (
					"$(inherited)",
					"@executable_path/Frameworks",
				);
				PRODUCT_BUNDLE_IDENTIFIER = "com.sennin.dev.Weather-App";
				PRODUCT_NAME = "$(TARGET_NAME)";
				SWIFT_VERSION = 5.0;
				TARGETED_DEVICE_FAMILY = "1,2";
			};
			name = Release;
		};
/* End XCBuildConfiguration section */

/* Begin XCConfigurationList section */
		AF1D6ECC24735C8700E1B814 /* Build configuration list for PBXProject "Weather App" */ = {
			isa = XCConfigurationList;
			buildConfigurations = (
				AF1D6EE324735C8800E1B814 /* Debug */,
				AF1D6EE424735C8800E1B814 /* Release */,
			);
			defaultConfigurationIsVisible = 0;
			defaultConfigurationName = Release;
		};
		AF1D6EE524735C8800E1B814 /* Build configuration list for PBXNativeTarget "Weather App" */ = {
			isa = XCConfigurationList;
			buildConfigurations = (
				AF1D6EE624735C8800E1B814 /* Debug */,
				AF1D6EE724735C8800E1B814 /* Release */,
			);
			defaultConfigurationIsVisible = 0;
			defaultConfigurationName = Release;
		};
/* End XCConfigurationList section */
	};
	rootObject = AF1D6EC924735C8700E1B814 /* Project object */;
}
